# This file is automatically @generated by Cargo.
# It is not intended for manual editing.
version = 4

[[package]]
name = "agend"
version = "0.0.0"
dependencies = [
 "agend-client",
 "agend-core",
 "agend-daemon",
 "agend-holder",
 "agend-shim",
 "agend-testkit",
 "agend-tui",
]

[[package]]
name = "agend-client"
version = "0.0.0"
dependencies = [
 "agend-core",
]

[[package]]
name = "agend-core"
version = "0.0.0"

[[package]]
name = "agend-daemon"
version = "0.0.0"
dependencies = [
 "agend-core",
 "agend-testkit",
]

[[package]]
name = "agend-holder"
version = "0.0.0"
dependencies = [
 "agend-core",
]

[[package]]
name = "agend-shim"
version = "0.0.0"
dependencies = [
 "agend-core",
]

[[package]]
name = "agend-testkit"
version = "0.0.0"
dependencies = [
 "agend-core",
]

[[package]]
name = "agend-tui"
version = "0.0.0"
dependencies = [
 "agend-client",
 "agend-core",
]
